#MicroXplorer Configuration settings - do not modify
RCC.HSIDivClkFreq_Value=64000000
DDR_DQ13.Mode=DDR3
PD12.GPIO_Label=I2C1_SCL [CS42L51-CNZ_SCL]
USART2.IPParameters=VirtualMode-Asynchronous
DDR_ATO.GPIOParameters=GPIO_Label
VP_DDR_DDR3.Signal=DDR_DDR3
DDR_CKE.GPIOParameters=GPIO_Label
DSIHOST_D0N.Mode=DSIHost_Video
DDR_CASN.Mode=DDR3
RCC.RTCFreq_Value=32768
RCC.PLLDSIFreq_Value=428000000
PD0.Locked=true
PD2.GPIOParameters=GPIO_Label
PG14.GPIOParameters=GPIO_Label
RCC.SPI23Freq_Value=24573874.08088235
PZ4.Locked=true
DDR_DQ14.Locked=true
RCC.I2C12Freq_Value=64000000
PA2.GPIOParameters=GPIO_Label
DDR_DQS0P.Mode=DDR3
RCC.UART78CLockSelection=RCC_UART78CLKSOURCE_PCLK1
DDR_DQ3.GPIOParameters=GPIO_Label
RCC.PLL3Source=RCC_PLL3SOURCE_HSE
RCC.LPTIM1Freq_Value=104438964.84375
GIC.LTDC_IRQn=true\:false\:High level
NVIC.SVCall_IRQn=true\:1\:0\:true\:false\:true\:false\:false
DSIHOST_D0P.Signal=DSIHOST_D0P
DDR_A6.Locked=true
DDR_A10.GPIOParameters=GPIO_Label
DDR_DTO1.Mode=DDR3
GIC.IPCC_RX0_IRQn=true\:false\:High level
RCC.ADCCLockSelection=RCC_ADCCLKSOURCE_PER
NVIC.IPCC_RX1_IRQn=true\:1\:0\:true\:false\:true\:true\:true
RCC.PLL4FRACV=0
PZ4.GPIO_Label=I2C4_SCL [STPMU1A_SCL]
PB6.Signal=CEC
Mdma.MDMA_Channel16.HASH1_IN.0.Mandatory=DISABLE
PD0.Signal=GPIO_Input
PZ4.Signal=I2C4_SCL
USB_DM1.Mode=Enable
ProjectManager.ProjectBuild=false
DDR_DQ1.GPIOParameters=GPIO_Label
NVIC.UsageFault_IRQn=true\:1\:0\:true\:false\:true\:false\:false
DDR_A12.GPIOParameters=GPIO_Label
PA0.Locked=true
PB3.Mode=SD_4_bits_Wide_bus
DDR_BA0.Mode=DDR3
DDR_DQ5.Locked=true
DDR_DTO0.GPIOParameters=GPIO_Label
RCC.RTCClockSelection=RCC_RTCCLKSOURCE_LSE
RCC.APB5DIVClockFreq_Value=66625000
VP_BSEC_VS_BSEC.Mode=BSEC_Activate
PG14.Mode=RGMII (Reduced GMII)
RCC.SDMMC3CLockSelection=RCC_SDMMC3CLKSOURCE_HCLK2
ProjectManager.FirmwarePackage=STM32Cube FW_MP1 V1.3.0
DDR_A6.Mode=DDR3
PI7.Locked=true
Mdma.MDMA_Channel16.HASH1_IN.0.CircularMode=MDMA_LINEAR_LIST
DDR_DTO1.GPIO_Label=DDR_DTO1
RCC.AXIDIVFreq_Value=266500000
ProjectManager.BackupPrevious=false
DDR_A10.Signal=DDR_A10
RCC.FMCFreq_Value=266500000
SAI2.Instance-SAI_B_SyncSlave=SAI$Index_Block_B
PC4.GPIO_Label=ETH_RXD0 [RTL8211F_RXD0_RXDLY]
DSIHOST_D1N.Signal=DSIHOST_D1N
GIC.DTS_IRQn=true\:false\:High level
VP_VREFBUF_VS_VREFBUF.Signal=VREFBUF_VS_VREFBUF
PB14.Mode=SD_4_bits_Wide_bus
DDR_A7.Mode=DDR3
PB1.GPIO_Label=ETH_RXD3 [RTL8211F_RXD3_PHYAD0]
PG4.GPIO_Label=ETH_GTX_CLK [RTL8211F_TXCLK]
PE4.GPIO_Label=RSTN  [FH26W-25S_RSTN]
GIC.USBH_OHCI_IRQn=true\:false\:High level
PC9.Mode=SD_4_bits_Wide_bus
DDR_DQM1.GPIOParameters=GPIO_Label
VP_ETZPC_VS_ETZPC.Signal=ETZPC_VS_ETZPC
I2S2.IPParameters=Instance,VirtualMode,FullDuplexMode,RealAudioFreq,ErrorAudioFreq
PF2.Locked=true
DDR_A3.GPIO_Label=DDR_A3 [MT41K256M16TW_A3]
PB6.Locked=true
RCC.SPI1CLockSelection=RCC_SPI1CLKSOURCE_PLL3_Q
DDR_CASN.GPIOParameters=GPIO_Label
ProjectManager.HalAssertFull=false
RCC.DIVP2Freq_Value=266500000
DDR_A10.GPIO_Label=DDR_A10 [MT41K256M16TW_A10]
PA0.Signal=PWR_WKUP1
DDR_A9.GPIOParameters=GPIO_Label
DDR_CASN.GPIO_Label=DDR_CASN [MT41K256M16TW_CAS\#]
PB9.Signal=I2S2_WS
Mcu.Package=TFBGA361
SAI2.RealAudioFreq-SAI_A_MasterWithClock=95.991 KHz
PB1.Signal=ETH1_RXD3
RCC.LPTIM23Freq_Value=104438964.84375
PA5.Locked=true
SH.ADCx_INP18.ConfNb=2
PD12.Signal=I2C1_SCL
RCC.PLL3FRACV=6660
DDR_CKE.GPIO_Label=DDR_CKE [MT41K256M16TW_CKE]
DDR_A1.Signal=DDR_A1
DDR_A6.Signal=DDR_A6
VP_SYS_VS_Systick.Signal=SYS_VS_Systick
DDR_A9.Signal=DDR_A9
PA10.Signal=GPIO_Output
RCC.SPI23CLockSelection=RCC_SPI23CLKSOURCE_PLL3_Q
Mcu.Context4=CortexM4
PC11.Mode=SD_4_bits_Wide_bus
Mcu.Context2=CortexA7S
Mcu.Context3=CortexA7NS
Mcu.Context0=BootROM
RCC.AXICLKSource=RCC_AXISSOURCE_PLL2
Mcu.Context1=BootLoader
PI7.Mode=SAI_A_MasterWithClock
RCC.DSI_VALUE=53500000
Mdma.MDMA_Channel16.HASH1_IN.0.DestinationInc=MDMA_DEST_INC_BYTE
PD5.GPIO_Speed=GPIO_SPEED_FREQ_VERY_HIGH
DDR_A5.GPIOParameters=GPIO_Label
PD5.Locked=true
PA4.GPIO_Label=USB_PWR_CC1[317JD24BZTF3K3C3_CC1]
USB_DP1.GPIO_Label=USB_HUB_P [USB2514B_USB_UP_DP]
DDR_BA0.GPIO_Label=DDR_BA0 [MT41K256M16TW_BA0]
Mdma.MDMA_Channel16.HASH1_IN.0.RequestParameters=Instance,CircularMode,TransferTriggerMode,Priority,Endianness,SourceInc,DestinationInc,SourceDataSize,DestDataSize,DataAlignment,BufferTransferLength,SourceBurst,DestBurst,SourceBlockAddressOffset,DestBlockAddressOffset,MaskAddress,MaskData,SrcAddress,DstAddress,BlockDataLength,BlockCount,Rank,Mandatory
RCC.STGENCLockSelection=RCC_STGENCLKSOURCE_HSE
RCC.VCO3OutputFreq_Value=417755859.375
DDR_DQS1N.Signal=DDR_DQS1N
DDR_WEN.Locked=true
DDR_DQ14.GPIOParameters=GPIO_Label
PA6.GPIOParameters=GPIO_Label
PD6.GPIOParameters=GPIO_Label
Mcu.Pin80=DDR_A12
Mcu.Pin81=DDR_A11
ProjectManager.ProjectFileName=PFE-ScoutBOT.ioc
RCC.SAI2CLockSelection=RCC_SAI2CLKSOURCE_PLL3_Q
DDR_A0.Mode=DDR3
Mcu.Pin79=DDR_A1
Mcu.PinsNb=160
PC11.Locked=true
Mcu.Pin73=DDR_CASN
Mcu.Pin74=DDR_RASN
Mcu.Pin71=DDR_CSN
Mcu.Pin72=PA13
PG5.Locked=true
Mcu.Pin77=PH0-OSC_IN
PC13.Locked=true
RCC.DDRPHYFreq_Value=533000000
Mcu.Pin78=PI11
DDR_A14.GPIOParameters=GPIO_Label
PG5.Signal=ETH1_CLK125
ADC1.OffsetNumber-0\#ChannelRegularConversion=ADC_OFFSET_NONE
Mcu.Pin75=DDR_CLKP
PC13.Signal=GPIO_Output
Mcu.Pin76=DDR_CLKN
DDR_VREF.Locked=true
DDR_DQM0.Locked=true
DDR_DTO0.Mode=DDR3
PD3.Signal=USART2_CTS
Mcu.Pin70=DDR_BA2
PC2.Signal=ETH1_TXD2
RCC.AXICLKFreq_VALUE=266500000
Mcu.Pin68=DDR_BA0
Mcu.Pin69=DDR_WEN
PB14.Locked=true
PZ7.Signal=GPIO_Output
PC14-OSC32_IN.Signal=RCC_OSC32_IN
PD6.Mode=Asynchronous
RCC.SPI45CLockSelection=RCC_SPI45CLKSOURCE_PCLK2
Mcu.Pin62=PC15-OSC32_OUT
PG14.Locked=true
Mcu.Pin63=PC14-OSC32_IN
Mcu.Pin60=DDR_A3
Mcu.Pin61=DDR_ZQ
Mcu.Pin66=DDR_DTO1
Mcu.Pin67=DDR_ODT
Mcu.Pin64=PI8
Mcu.Pin65=DDR_A0
GIC.SAI2_IRQn=true\:false\:High level
DDR.ADDRMAP5=0x06060606
DDR_DQ11.Locked=true
DDR.ADDRMAP6=0x0F060606
DDR_A3.Signal=DDR_A3
DDR_DQ11.Signal=DDR_DQ11
DDR.ADDRMAP3=0x1F000000
DDR_DQ6.Mode=DDR3
DDR_DQS1N.Mode=DDR3
DDR.ADDRMAP1=0x00070707
DDR_WEN.Mode=DDR3
PF11.Mode=SAI_B_SPDIF
PA15.Locked=true
RCC.Tim1OutputFreq_Value=208877929.6875
Mcu.Pin59=DDR_DTO0
Mcu.Pin57=DDR_DQ5
Mcu.Pin58=PC13
VP_OPENAMP_VS_OPENAMP.Signal=OPENAMP_VS_OPENAMP
PH4.Locked=true
GIC.HASH1_IRQn=true\:false\:High level
Mcu.Pin51=DDR_DQ2
VP_CRYP1_VS_CRYP.Mode=CRYP_Activate
RCC.USART6Freq_Value=104438964.84375
Mcu.Pin52=DDR_DQ6
Mcu.Pin50=DDR_A5
RCC.PLLDSIVCOFreq_Value=1712000000
Mcu.Pin55=DDR_A2
Mcu.Pin56=DDR_DQ4
Mcu.Pin53=DDR_DQM0
Mcu.Pin54=PZ7
PI6.Mode=SAI_A_MasterWithClock
PB9.Locked=true
DDR_BA1.GPIOParameters=GPIO_Label
PB11.GPIOParameters=GPIO_Label
Mdma.MDMA_Channel16.HASH1_IN.0.BufferTransferLength=1
DDR_A14.GPIO_Label=DDR_A14 [MT41K256M16TW_A14]
Mcu.Pin48=PZ6
Mcu.Pin49=PZ5
Mcu.Pin46=DDR_DQS0P
Mcu.Pin47=DDR_DQS0N
DDR_VREF.GPIOParameters=GPIO_Label
PB14.Signal=SDMMC2_D0
PG6.GPIOParameters=GPIO_Label
PZ7.Locked=true
Mcu.Pin40=PI6
PA5.Signal=ADCx_INP19
Mcu.Pin41=DDR_A13
ADC2.OffsetNumber-0\#ChannelRegularConversion=ADC_OFFSET_NONE
PC12.Mode=SD_4_bits_Wide_bus
Mcu.Pin44=DDR_A9
Mcu.Pin45=DDR_DQ7
Mcu.Pin42=DDR_DQ1
Mcu.Pin43=PZ4
VP_LTDC_DSIMode.Signal=LTDC_DSIMode
DDR_ZQ.GPIO_Label=DDR_ZQ
DDR_DQS1P.Signal=DDR_DQS1P
DDR_DQ5.Signal=DDR_DQ5
PI7.Signal=SAI2_FS_A
DDR_A10.Locked=true
DDR_BA1.Mode=DDR3
Mcu.Pin37=DDR_DQ0
PB4.GPIO_Label=SDMMC2_D3 [LBEE5KL1DX_SDIO_D3]
DDR_DQS1P.Mode=DDR3
Mcu.Pin38=PI7
PB15.GPIO_Label=SDMMC2_D1 [LBEE5KL1DX_SDIO_D1]
Mcu.Pin35=DDR_A7
Mcu.Pin36=DDR_DQ3
RCC.FMCCLockSelection=RCC_FMCCLKSOURCE_ACLK
PD4.GPIO_Speed=GPIO_SPEED_FREQ_VERY_HIGH
Mcu.Pin39=PI5
Mcu.Pin30=PC9
DDR_ATO.GPIO_Label=DDR_ATO
PA1.GPIO_Label=ETH_RX_CLK [RTL8211F_RXCLK_PHYAD1]
DDR_A14.Mode=4Gb_16bits
PZ7.GPIO_Label=BT_DEV_WAKE [LBEE5KL1DX_BT_DEV_WAKE]
Mcu.Pin33=DDR_RESETN
Mcu.Pin34=PI3
DDR_DQ7.GPIOParameters=GPIO_Label
Mcu.Pin31=PC8
Mcu.Pin32=PE4
GIC.ADC1_IRQn=true\:false\:High level
NVIC.NonMaskableInt_IRQn=true\:0\:0\:false\:false\:true\:false\:false
RCC.SAI4Freq_Value=74250000
DDR_A11.GPIO_Label=DDR_A11 [MT41K256M16TW_A11]
PC10.GPIOParameters=GPIO_Label
RCC.DACCLKFreq_VALUE=32000
DDR_DQS0P.GPIO_Label=DDR_DQS0_P [MT41K256M16TW_DQSU]
PC9.GPIOParameters=GPIO_Label
Mcu.Pin26=PC12
Mcu.Pin27=PD3
Mcu.Pin24=PB7
DDR_DQ11.GPIO_Label=DDR_DQ11 [MT41K256M16TW_DQL1]
Mcu.Pin25=PD2
Mcu.Pin28=PC10
Mcu.Pin29=PC11
PC8.Mode=SD_4_bits_Wide_bus
DDR_DQ0.Signal=DDR_DQ0
PB4.Locked=true
Mcu.Pin22=PD6
DDR_A0.GPIOParameters=GPIO_Label
Mcu.Pin23=PE0
DDR_DQS1N.Locked=true
Mcu.Pin20=DSIHOST_D0P
ADC1.master=1
SAI2.Instance-SAI_A_MasterWithClock=SAI$Index_Block_A
DDR_A5.Mode=DDR3
Mcu.Pin21=PA15
PA5.GPIO_Label=USB_PWR_CC2[317JD24BZTF3K3C3_CC2]
PA10.Locked=true
ADC2.NbrOfConversionFlag=1
NVIC.ForceEnableDMAVector=true
DDR.addrmap_col_b10=31
DDR.addrmap_col_b11=31
USB_DM2.Mode=Ext_Phy_OTG/Dual-Role-Device-TypeC
PA14.GPIOParameters=GPIO_Label
VP_MDMA_VS_MDMA_A7NS_8.Signal=MDMA_VS_MDMA_A7NS_8
RCC.SAI3Freq_Value=74250000
DDR_A1.Locked=true
NVIC.MemoryManagement_IRQn=true\:1\:0\:true\:false\:true\:false\:false
PC12.GPIO_Label=SDMMC1_CK [PJS008-2003-1]
DDR_DQM1.GPIO_Label=DDR_DQM1 [MT41K256M16TW_DML]
DDR_ATO.Mode=DDR3
ProjectManager.HeapSize=0x200
Mcu.Pin15=DSIHOST_D0N
NVIC.HardFault_IRQn=true\:0\:0\:false\:false\:true\:false\:false
Mcu.Pin16=DSIHOST_CKP
PB1.Mode=RGMII (Reduced GMII)
Mcu.Pin13=PB4
Mcu.Pin14=PC6
Mcu.Pin19=PB14
RCC.STGENFreq_Value=24000000
Mcu.Pin17=DSIHOST_D1P
RCC.RNG2Freq_Value=4000000
Mcu.Pin18=PE3
DDR_A7.GPIOParameters=GPIO_Label
NVIC.PriorityGroup=NVIC_PRIORITYGROUP_4
Mcu.Pin11=PB9
PD0.GPIOParameters=GPIO_Label
Mcu.Pin12=PB15
Mcu.Pin10=PD0
PI11.GPIO_Label=STUSB1600_IRQOUTn [STUSB1600_ALERT\#]
DDR_VREF.Signal=DDR_VREF
PE3.Signal=SDMMC2_CK
DDR_DQ15.GPIO_Label=DDR_DQ15 [MT41K256M16TW_DQL3]
RCC.PLL4PDSIFreq_Value=99000000
USB_DP2.Signal=USB_OTG_HS_DP
PD2.Signal=SDMMC1_CMD
DDR_DQ8.Mode=DDR3
USB_DP1.Locked=true
DDR_VREF.GPIO_Label=VREF_DDR
VP_DMA_VS_DMA1_A7NS.Signal=DMA_VS_DMA1_A7NS
RCC.APB4DIV=RCC_APB4_DIV2
PC1.Mode=RGMII (Reduced GMII)
Mcu.Family=STM32MP1
ProjectManager.MainLocation=Core/Src
DDR.DFITMG0=0x02060105
DDR_A1.Mode=DDR3
DDR_CLKP.Mode=DDR3
PG9.GPIOParameters=GPIO_Label
Mcu.Pin150=VP_LTDC_DSIMode
Mcu.Pin151=VP_OPENAMP_VS_OPENAMP
RCC.PLLDSIIDF=DSI_PLL_IN_DIV3
ProjectManager.KeepUserCode=true
RCC.SPI1Freq_Value=24573874.08088235
Mcu.Pin156=VP_VREFBUF_VS_VREFBUF
Mcu.Pin157=VP_DMA_VS_DMA1_A7NS
RCC.PLL4Source=RCC_PLL4SOURCE_HSE
Mcu.Pin158=VP_DMA_VS_DMA2_A7NS
Mcu.Pin159=VP_MDMA_VS_MDMA_A7NS_8
Mcu.Pin152=VP_RNG1_VS_RNG
Mcu.Pin153=VP_RTC_VS_RTC_Activate
Mcu.Pin154=VP_SYS_VS_Systick
Mcu.Pin155=VP_TAMP_VS_TAMP_Activate
SH.ADCx_INP18.1=ADC2_INP18,IN18-Single-Ended
DDR_A1.GPIOParameters=GPIO_Label
PC5.Locked=true
SH.ADCx_INP18.0=ADC1_INP18,IN18-Single-Ended
DDR_CKE.Locked=true
RCC.PLL2FRACV=0x1400
PD0.GPIO_Label=WL_HOST_WAKE [LBEE5KL1DX_WL_HOST_WAKE]
DDR_ODT.GPIOParameters=GPIO_Label
PD6.Locked=true
Mdma.MDMA_Channel16.HASH1_IN.0.DataAlignment=MDMA_DATAALIGN_PACKENABLE
PD2.Locked=true
RCC.VCO2OutputFreq_Value=1066000000
USB_DP2.Mode=Ext_Phy_OTG/Dual-Role-Device-TypeC
PZ5.GPIOParameters=GPIO_Label
PG5.GPIO_Label=ETH_CLK125 [RTL8211F_CLKOUT]
PC1.Locked=true
DDR_DQ1.Mode=DDR3
PI5.Mode=SAI_A_MasterWithClock
PB15.Signal=SDMMC2_D1
PZ6.Locked=true
SAI2.Instance-SAI_B_SPDIF=SAI$Index_Block_B
DDR.RL=8
PH5.GPIOParameters=GPIO_Label
DDR_DQ12.Locked=true
PG11.Signal=UART4_TX
RCC.APB2DIV=RCC_APB2_DIV2
DDR_ZQ.Mode=DDR3
DDR_DQ11.Mode=DDR3
DDR_A4.Signal=DDR_A4
DDR_DQ12.Signal=DDR_DQ12
Mcu.Pin138=VP_CRC1_VS_CRC
Mcu.Pin139=VP_CRYP1_VS_CRYP
USB_DM1.GPIOParameters=GPIO_Label
Mcu.IP4=CRYP1
Mcu.IP5=DDR
DDR_A2.GPIO_Label=DDR_A2 [MT41K256M16TW_A2]
VP_MDMA_VS_MDMA_A7NS_8.Mode=8\:8
Mcu.IP2=BSEC
RCC.SDMMC3Freq_Value=208877929.6875
Mcu.IP3=CRC1
PA15.GPIO_Label=BL_CTRL [STLD40DPUR_EN]
Mcu.IP0=ADC1
Mcu.IP1=ADC2
PE4.GPIOParameters=GPIO_Label
DDR_A2.GPIOParameters=GPIO_Label
RCC.DIVP3Freq_Value=208877929.6875
DDR_WEN.GPIOParameters=GPIO_Label
Mcu.Pin134=USB_DP2
DDR.addrmap_row_b1=6
DDR_DTO0.GPIO_Label=DDR_DTO0
Mcu.Pin135=USB_DP1
Mcu.Pin136=DDR_VREF
Mcu.Pin137=VP_BSEC_VS_BSEC
Mcu.Pin130=PA2
Mcu.Pin131=PC4
Mcu.Pin132=PA6
DDR_RESETN.GPIOParameters=GPIO_Label
Mcu.Pin133=PD11
DDR.addrmap_row_b0=6
ProjectManager.PreviousToolchain=
GIC.SPI2_IRQn=true\:false\:High level
Mcu.Pin149=VP_IWDG2_VS_IWDG
RCC.AHB1234Freq_Value=208877929.6875
PD5.Mode=Asynchronous
Mcu.Pin140=VP_DDR_DDR3
DDR_DQ4.GPIO_Label=DDR_DQ4 [MT41K256M16TW_DQU6]
Mcu.Pin145=VP_GPU_VS_GPU
ADC1.Channel-0\#ChannelRegularConversion=ADC_CHANNEL_18
Mcu.Pin146=VP_HASH1_VS_HASH
RCC.DIVR3Freq_Value=11290698.902027028
RCC.HSE_VALUE=24000000
Mcu.Pin147=VP_HSEM_VS_HSEM
Mcu.Pin148=VP_IPCC_VS_IPCC
Mcu.Pin141=VP_DDR_DDR_16_bits
NVIC.DebugMonitor_IRQn=true\:1\:0\:true\:false\:true\:false\:false
DDR_A13.GPIO_Label=DDR_A13 [MT41K256M16TW_A13]
PZ5.GPIO_Label=I2C4_SDA [STPMU1A_SDA]
Mcu.Pin142=VP_DDR_DDR3_16_4Gb
Mdma.MDMA_Channel16.HASH1_IN.0.SourceInc=MDMA_SRC_INC_BYTE
Mcu.Pin143=VP_DTS_VS_DTS
Mcu.Pin144=VP_ETZPC_VS_ETZPC
Mcu.IP10=GIC
PZ6.GPIOParameters=GPIO_Label
Mcu.IP12=HASH1
NVIC.SysTick_IRQn=true\:1\:0\:true\:false\:true\:false\:true
Mcu.IP11=GPU
Mdma.MDMA_Channel16.HASH1_IN.0.SourceBurst=MDMA_SOURCE_BURST_SINGLE
DDR_DQ7.Signal=DDR_DQ7
DDR_DQ4.Signal=DDR_DQ4
Mcu.IP18=LTDC
Mcu.IP17=IWDG2
Mcu.IP19=MDMA
RCC.USART35CLockSelection=RCC_UART35CLKSOURCE_PCLK1
Mcu.IP14=HSEM
RCC.DIVP1Freq_Value=650000000
Mcu.IP13=HDMI_CEC
DDR_A12.Signal=DDR_A12
Mcu.IP16=IPCC
Mcu.IP15=I2S2
PC14-OSC32_IN.Mode=LSE-External-Oscillator
PH7.GPIO_Label=LED_Y [LD7_ORANGE]
DDR_CSN.Mode=DDR3
DSIHOST_D1P.Signal=DSIHOST_D1P
PF11.Signal=SAI2_SD_B
PC11.GPIO_Label=SDMMC1_D3 [PJS008-2003-1]
PE3.GPIOParameters=GPIO_Speed_High_Default,GPIO_Label
VP_BSEC_VS_BSEC.Signal=BSEC_VS_BSEC
USB_DM2.Locked=true
PE3.Locked=true
PB7.Signal=GPIO_Input
DDR_DQ10.GPIOParameters=GPIO_Label
VP_HASH1_VS_HASH.Signal=HASH1_VS_HASH
Mcu.IP21=OPENAMP
Mcu.IP20=NVIC
GIC.USART2_IRQn=true\:false\:High level
Mcu.IP23=RCC
DDR_A8.Mode=DDR3
DDR_DQ1.GPIO_Label=DDR_DQ1 [MT41K256M16TW_DQU1]
Mcu.IP22=PWR
RCC.USBPHYCLKSource=RCC_USBPHYCLKSOURCE_HSE
Mcu.IP29=SYS
Mcu.IP28=SDMMC2
Mcu.IP25=RTC
Mdma.MDMA_Channel16.HASH1_IN.0.MaskAddress=0
Mcu.IP24=RNG1
PB6.GPIOParameters=GPIO_Label
Mcu.IP27=SDMMC1
Mcu.IP26=SAI2
PB0.Locked=true
PI8.Mode=RTC_OUT2_RMP
VP_CRC1_VS_CRC.Mode=CRC_Activate
PA13.GPIOParameters=GPIO_Label
PB7.GPIO_Label=uSD_DETECT [PJS008-2003-1]
PA6.Signal=GPIO_Input
DDR_DQS1P.Locked=true
Mcu.IP32=USART2
Mcu.IP31=UART4
DDR_A5.GPIO_Label=DDR_A5 [MT41K256M16TW_A5]
Mcu.IP34=USB_OTG_HS
PG11.Locked=true
Mcu.IP33=USBH_HS1
Mcu.IP30=TAMP
PD5.GPIO_Label=USART2_TX [LBEE5KL1DX_BT_UART_TX]
VP_VREFBUF_VS_VREFBUF.Mode=VREFBUF_Activate
ProjectManager.ToolChainLocation=
DDR_A12.Mode=4Gb_16bits
VP_RNG1_VS_RNG.Signal=RNG1_VS_RNG
RCC.DSIFreq_Value=53500000
Mcu.IP35=VREFBUF
PA15.Signal=GPIO_Output
ADC2.SamplingTime-0\#ChannelRegularConversion=ADC_SAMPLETIME_1CYCLE_5
RCC.DIVR1Freq_Value=325000000
Mcu.Pin95=DDR_A4
Mcu.Pin96=DDR_DQM1
Mcu.Pin93=PA5
GIC.LTDC_ER_IRQn=true\:false\:High level
Mcu.Pin94=PA4
Mcu.Pin99=DDR_A6
Mcu.Pin97=PG1
Mcu.Pin98=PH7
DSIHOST_CKN.Signal=DSIHOST_CKN
Mcu.Pin91=DDR_DQS1P
Mcu.Pin92=DDR_DQS1N
PG11.GPIO_Label=STLINK_RX [STM32F103CBT6_PA3]
VP_DMA_VS_DMA2_A7NS.Signal=DMA_VS_DMA2_A7NS
PD3.GPIO_Label=USART2_CTS [LBEE5KL1DX_BT_UART_CTS_N]
Mcu.Pin90=DDR_DQ9
PC5.Signal=ETH1_RXD1
PD6.Signal=USART2_RX
DDR_CKE.Signal=DDR_CKE
DDR_BA0.Signal=DDR_BA0
PZ6.Signal=GPIO_Output
PF15.GPIOParameters=GPIO_Label
PE2.GPIO_Label=ETH_TXD3 [RTL8211F_TXD3]
DDR_DQ0.Locked=true
PC14-OSC32_IN.Locked=true
DSIHOST_D0P.Mode=DSIHost_Video
RCC.PLL1UserDefinedConfig=false
DDR_A7.GPIO_Label=DDR_A7 [MT41K256M16TW_A7]
Mcu.Pin84=PA14
Mcu.Pin85=DDR_CKE
PB15.Locked=true
PB4.Signal=SDMMC2_D3
Mcu.Pin82=DDR_A14
Mcu.Pin83=DDR_A10
Mcu.Pin88=DDR_DQ13
SAI2.MClockEnable-SAI_A_MasterWithClock=SAI_MASTERCLOCK_ENABLE
Mcu.Pin89=DDR_BA1
Mcu.Pin86=DDR_DQ8
Mcu.Pin87=DDR_DQ10
Mdma.MDMA_Channel16.HASH1_IN.0.BlockCount=0
VP_RTC_VS_RTC_Activate.Signal=RTC_VS_RTC_Activate
DDR_DQS1N.GPIO_Label=DDR_DQS1_N [MT41K256M16TW_DQSL\#]
RCC.I2C35Freq_Value=104438964.84375
GIC.WAKEUP_PIN_IRQn=true\:false\:High level
DDR_DQ11.GPIOParameters=GPIO_Label
RCC.MPUCLKSource=RCC_MPUSOURCE_PLL1
PC9.GPIO_Label=SDMMC1_D1 [PJS008-2003-1]
DDR_CLKP.Signal=DDR_CLKP
DDR_CLKP.GPIO_Label=DDR_CLK_P [MT41K256M16TW_CK]
DDR_CLKP.Locked=true
PC11.Signal=SDMMC1_D3
RCC.PUBLFreq_Value=533000000
RCC.USBOHSFreq_Value=48000000
PC8.Signal=SDMMC1_D0
DDR_DTO0.Signal=DDR_DTO0
PC10.Mode=SD_4_bits_Wide_bus
VP_IPCC_VS_IPCC.Signal=IPCC_VS_IPCC
DDR_BA0.Locked=true
ProjectManager.DefaultFWLocation=true
PC2.Mode=RGMII (Reduced GMII)
VP_CRC1_VS_CRC.Signal=CRC1_VS_CRC
VP_DDR_DDR3.Mode=DDR3
ProjectManager.DeletePrevious=true
DDR_DQ14.Mode=DDR3
boardIOC=true
DDR_DQ4.Mode=DDR3
DDR_DQ5.GPIOParameters=GPIO_Label
PinOutPanel.CurrentBGAView=Top
RCC.FamilyName=M
DDR_DQ10.GPIO_Label=DDR_DQ10 [MT41K256M16TW_DQL6]
DDR_DQ0.Mode=DDR3
NVIC.RCC_WAKEUP_IRQn=true\:0\:0\:false\:false\:true\:false\:true
PA13.Signal=GPIO_Output
PA9.Mode=Half_Duplex_Master
PH7.GPIOParameters=GPIO_Label
PZ7.GPIOParameters=GPIO_Label
RCC.VCO1OutputFreq_Value=1300000000
RCC.SPI6CLockSelection=RCC_SPI6CLKSOURCE_PCLK5
PB7.GPIOParameters=GPIO_Label
DDR_DQM0.Signal=DDR_DQM0
PB9.Mode=Half_Duplex_Master
PC5.GPIOParameters=GPIO_Label
RCC.LPTIM1CLockSelection=RCC_LPTIM1CLKSOURCE_PCLK1
PE2.GPIOParameters=GPIO_Label
PE0.Locked=true
CortexA7S.IPs=BSEC\:I,ETZPC\:I,GIC\:I,RCC,PWR\:I,IWDG2,RNG1\:I,RTC,DDR,HSEM,TAMP,MDMA_A7S\:I
DDR_BA2.Signal=DDR_BA2
PA1.Signal=ETH1_RX_CLK
PD2.Mode=SD_4_bits_Wide_bus
DSIHOST_CKP.Signal=DSIHOST_CKP
DDR_DQ2.Locked=true
DDR_A4.GPIOParameters=GPIO_Label
board=STM32MP157C-DK2
SAI2.VirtualMode-SAI_B_SPDIF=VM_SPDIF
SAI2.MckOutput-SAI_A_MasterWithClock=SAI_MCK_OUTPUT_ENABLE
DDR_ODT.GPIO_Label=DDR_ODT [MT41K256M16TW_ODT]
DDR_A3.GPIOParameters=GPIO_Label
PH4.GPIO_Label=WL_REG_ON [LBEE5KL1DX_WL_REG_ON]
PB15.Mode=SD_4_bits_Wide_bus
DDR_CSN.GPIOParameters=GPIO_Label
DDR_DQ2.Signal=DDR_DQ2
DDR_DQ13.GPIOParameters=GPIO_Label
MxCube.Version=6.2.0
DDR_A12.Locked=true
GIC.MDMA_IRQn=true\:false\:High level
RCC.FDCANFreq_Value=24000000
Mdma.MDMA_Channel16.HASH1_IN.0.Endianness=MDMA_LITTLE_ENDIANNESS_PRESERVE
RCC.PLLDSINDIV=107
DDR_BA2.Mode=DDR3
RCC.PLL12Source=RCC_PLL12SOURCE_HSE
VP_GPU_VS_GPU.Mode=GPU_Activate
RCC.ADCFreq_Value=24000000
PD4.GPIOParameters=GPIO_Speed,GPIO_Label
PA10.GPIOParameters=GPIO_Label
PC1.GPIO_Label=ETH_MDC [RTL8211F_MDC]
VP_SYS_VS_Systick.Mode=SysTick
RCC.DIVR4Freq_Value=74250000
USB_DM2.Signal=USB_OTG_HS_DM
RCC.PLLDSIODF=DSI_PLL_OUT_DIV2
PF15.GPIO_Label=I2C1_SDA [CS42L51-CNZ_SDA]
RCC.MCUCLKFreq_VALUE=208877929.6875
ADC1.CommonPathInternal=ADC_INTERNAL_NONE
RCC.CSI_VALUE=4000000
RCC.LPTIM45Freq_Value=104438964.84375
RCC.IPParameters=ADCCLockSelection,ADCFreq_Value,AHB1234Freq_Value,APB1DIV,APB1Freq_Value,APB2DIV,APB2Freq_Value,APB3DIV,APB3Freq_Value,APB4DIV,APB4Freq_Value,APB5DIV,APB5DIVClockFreq_Value,AXICLKFreq_VALUE,AXICLKSource,AXIDIVFreq_Value,CECFreq_Value,CKPERCLKFreq_VALUE,CKPERCLKSource,CSI_VALUE,CortexFreq_Value,DACCLKFreq_VALUE,DDRCFreq_Value,DDRPERFMFreq_Value,DDRPHYFreq_Value,DFSDFAFreq_Value,DFSDMFreq_Value,DIVM1,DIVM2,DIVM3,DIVM4,DIVN1,DIVN2,DIVN3,DIVN4,DIVP1Freq_Value,DIVP2Freq_Value,DIVP3Freq_Value,DIVP4,DIVP4Freq_Value,DIVQ1Freq_Value,DIVQ2,DIVQ2Freq_Value,DIVQ3,DIVQ3Freq_Value,DIVQ4,DIVQ4Freq_Value,DIVR1Freq_Value,DIVR2,DIVR2Freq_Value,DIVR3,DIVR3Freq_Value,DIVR4,DIVR4Freq_Value,DSIFreq_Value,DSIPixelFreq_Value,DSITXEscFreq_Value,DSI_VALUE,ETHFreq_Value,FCLKFreq_Value,FDCANFreq_Value,FMCCLockSelection,FMCFreq_Value,FamilyName,HSE_VALUE,HSIDivClkFreq_Value,HSI_VALUE,Hclk5DIVFreq_Value,Hclk6DIVFreq_Value,I2C12CLockSelection,I2C12Freq_Value,I2C35CLockSelection,I2C35Freq_Value,I2C46CLockSelection,I2C46Freq_Value,LPTIM1CLockSelection,LPTIM1Freq_Value,LPTIM23CLockSelection,LPTIM23Freq_Value,LPTIM45CLockSelection,LPTIM45Freq_Value,LSI_VALUE,LTDCFreq_Value,MCO1PinFreq_Value,MCO2PinFreq_Value,MCUCLKFreq_VALUE,MCUCLKSource,MCUClockFreq_Value,MCUDIVCLKFreq_Value,MPUCLKFreq_VALUE,MPUCLKSource,PLL12Source,PLL1FRACV,PLL1UserDefinedConfig,PLL2FRACV,PLL3FRACV,PLL3Source,PLL4FRACV,PLL4PDSIFreq_Value,PLL4Source,PLLDSIFreq_Value,PLLDSIIDF,PLLDSINDIV,PLLDSIODF,PLLDSIVCOFreq_Value,PUBLFreq_Value,QSPICLockSelection,QSPIFreq_Value,RCC_RTC_Clock_Source_FROM_HSE,RNG1CLockSelection,RNG1Freq_Value,RNG2Freq_Value,RTCClockSelection,RTCFreq_Value,SAI1Freq_Value,SAI2CLockSelection,SAI2Freq_Value,SAI3Freq_Value,SAI4Freq_Value,SDMMC12CLockSelection,SDMMC12Freq_Value,SDMMC3CLockSelection,SDMMC3Freq_Value,SPDIFRXFreq_Value,SPI1CLockSelection,SPI1Freq_Value,SPI23CLockSelection,SPI23Freq_Value,SPI45CLockSelection,SPI45Freq_Value,SPI6CLockSelection,SPI6Freq_Value,STGENCLockSelection,STGENFreq_Value,Tim1OutputFreq_Value,Tim2OutputFreq_Value,UART78CLockSelection,UART78Freq_Value,USART1CLockSelection,USART1Freq_Value,USART24CLockSelection,USART24Freq_Value,USART35CLockSelection,USART35Freq_Value,USART6CLockSelection,USART6Freq_Value,USBOCLKSource,USBOHSFreq_Value,USBPHYCLKSource,USBPHYFreq_Value,VCO1OutputFreq_Value,VCO2OutputFreq_Value,VCO3OutputFreq_Value,VCO4OutputFreq_Value,VCOInput1Freq_Value,VCOInput2Freq_Value,VCOInput3Freq_Value,VCOInput4Freq_Value
ProjectManager.AskForMigrate=true
PE0.Signal=SAI2_MCLK_A
DDR_A14.Signal=DDR_A14
DDR_DQ4.GPIOParameters=GPIO_Label
DDR_DQ7.GPIO_Label=DDR_DQ7 [MT41K256M16TW_DQU7]
PB2.Locked=true
Mcu.IP8=ETH1
Mcu.IP9=ETZPC
Mcu.IP6=DSIHOST
Mcu.IP7=DTS
ProjectManager.CoupleFile=false
DDR_DQ7.Locked=true
PA1.Locked=true
DDR_DQ7.Mode=DDR3
I2S2.ErrorAudioFreq=-0.01 %
KeepUserPlacement=false
DDR_RASN.Locked=true
PG5.Mode=ETH 125MHz Clock Input
SH.ADCx_INP19.ConfNb=2
PA13.Locked=true
PB2.Mode=Asynchronous
RCC.QSPICLockSelection=RCC_QSPICLKSOURCE_ACLK
DDR_A4.Mode=DDR3
DDR_A4.Locked=true
DDR_A9.Locked=true
PB2.GPIO_Label=STLINK_TX [STM32F103CBT6_PA2]
RCC.Hclk6DIVFreq_Value=266500000
PC6.GPIOParameters=GPIO_Label
RCC.I2C35CLockSelection=RCC_I2C35CLKSOURCE_PCLK1
RCC.HSI_VALUE=64000000
Mdma.RequestSetsNb=1
DDR_DQ13.GPIO_Label=DDR_DQ13 [MT41K256M16TW_DQL4]
DDR_DQ12.GPIOParameters=GPIO_Label
PB7.Locked=true
PA2.Mode=RGMII (Reduced GMII)
PC8.Locked=true
DDR_DTO0.Locked=true
VP_DDR_DDR3_16_4Gb.Mode=4Gb_16bits
DDR_A11.GPIOParameters=GPIO_Label
DDR.IPParameters=DDR_Frequency,RL,addrmap_col_b9,addrmap_col_b10,addrmap_col_b11,addrmap_bank_b0,addrmap_bank_b1,addrmap_bank_b2,addrmap_row_b0,addrmap_row_b1,addrmap_row_b2_10,addrmap_row_b11,addrmap_row_b12,addrmap_row_b13,addrmap_row_b14,addrmap_row_b15,MSTR,DFITMG0,SCHED,ADDRMAP1,ADDRMAP3,ADDRMAP5,ADDRMAP6
RCC.RNG1CLockSelection=RCC_RNG1CLKSOURCE_LSI
I2S2.RealAudioFreq=15.998 KHz
DDR_RASN.GPIOParameters=GPIO_Label
DDR_DQ14.Signal=DDR_DQ14
PG11.GPIOParameters=GPIO_Label
SAI2.IPParameters=Instance-SAI_A_MasterWithClock,VirtualMode-SAI_A_MasterWithClock,MClockEnable-SAI_A_MasterWithClock,RealAudioFreq-SAI_A_MasterWithClock,ErrorAudioFreq-SAI_A_MasterWithClock,Instance-SAI_B_SyncSlave,VirtualMode-SAI_B_SyncSlave,Instance-SAI_B_SPDIF,VirtualMode-SAI_B_SPDIF,MckOutput-SAI_A_MasterWithClock
CortexM4.IPs=IPCC,HSEM,RCC,NVIC\:I,ETZPC,FREERTOS\:I,DMA,PWR,SYS\:I,OPENAMP\:I
PA6.Locked=true
PH0-OSC_IN.Locked=true
DDR_A8.GPIOParameters=GPIO_Label
PE3.GPIO_Speed_High_Default=GPIO_SPEED_FREQ_HIGH
RCC.USART1Freq_Value=66625000
PH0-OSC_IN.Signal=RCC_OSC_IN
DDR_DQ3.Mode=DDR3
DDR_A12.GPIO_Label=DDR_A12 [MT41K256M16TW_A12]
DDR_DQ2.GPIOParameters=GPIO_Label
DDR_A1.GPIO_Label=DDR_A1 [MT41K256M16TW_A1]
PC12.Locked=true
PG4.Signal=ETH1_GTX_CLK
PG4.Locked=true
PC12.Signal=SDMMC1_CK
PB14.GPIO_Label=SDMMC2_D0 [LBEE5KL1DX_SDIO_D0]
PG6.GPIO_Label=SDMMC2_CMD [LBEE5KL1DX_SDIO_CMD]
PA14.GPIO_Label=PA14 [SW-PUSH-TS-02H-Blue]
PD3.GPIOParameters=GPIO_Label
RCC.VCOInput4Freq_Value=6000000
PC6.GPIO_Label=TE  [FH26W-25S_TE]
DSIHOST_D1P.Mode=DSIHost_Video
VP_RTC_VS_RTC_Activate.Mode=RTC_Enabled
PI11.Locked=true
DDR_ODT.Signal=DDR_ODT
PB6.GPIO_Label=HDMI_CEC [SiI9022ACNU_CEC_D]
PA6.GPIO_Label=ETH_MDINT [RTL8211F_INT]
DDR_CASN.Locked=true
PD4.Locked=true
PC5.Mode=RGMII (Reduced GMII)
DDR_RESETN.Mode=DDR3
RCC.USBOCLKSource=RCC_USBOCLKSOURCE_PHY
DDR_DTO1.GPIOParameters=GPIO_Label
DDR.DDR_Frequency=533.0
PD6.GPIO_Label=USART2_RX [LBEE5KL1DX_BT_UART_RX]
PG6.Mode=SD_4_bits_Wide_bus
PG13.Signal=ETH1_TXD0
PinOutPanel.RotationAngle=0
RCC.MCO1PinFreq_Value=64000000
DDR_DQ10.Locked=true
PZ6.GPIO_Label=BT_REG_ON [LBEE5KL1DX_BT_REG_ON]
DDR_A2.Locked=true
PH5.Signal=GPIO_Input
DDR_A3.Mode=DDR3
RCC.LPTIM45CLockSelection=RCC_LPTIM45CLKSOURCE_PCLK3
VP_IWDG2_VS_IWDG.Signal=IWDG2_VS_IWDG
DDR_A11.Mode=DDR3
PE2.Mode=RGMII (Reduced GMII)
PD4.Signal=USART2_RTS
DSIHOST_CKP.Mode=DSIHost_Video
PB6.Mode=CEC_Activate
RCC.DIVQ3Freq_Value=24573874.08088235
RCC.SAI2Freq_Value=24573874.08088235
DDR_DQ5.GPIO_Label=DDR_DQ5 [MT41K256M16TW_DQU2]
GIC.GPU_IRQn=true\:false\:High level
DDR_CASN.Signal=DDR_CASN
DDR_DQ15.GPIOParameters=GPIO_Label
PI3.Mode=Half_Duplex_Master
Mdma.MDMA_Channel16.HASH1_IN.0.MaskData=0
PG13.Locked=true
DDR_ODT.Mode=DDR3
RCC.RCC_RTC_Clock_Source_FROM_HSE=24
PB2.Signal=UART4_RX
GIC.OTG_IRQn=true\:false\:High level
PA4.Locked=true
RCC.DIVM3=2
RCC.DIVM2=3
DDR_DQ6.Locked=true
RCC.DIVM1=3
DDR_DQ6.Signal=DDR_DQ6
DDR_DQ1.Signal=DDR_DQ1
RCC.DIVM4=4
PG1.GPIOParameters=GPIO_Label
RCC.I2C12CLockSelection=RCC_I2C12CLKSOURCE_HSI
MxDb.Version=DB.6.0.20
PB0.GPIOParameters=GPIO_Label
PA1.GPIOParameters=GPIO_Label
DDR_A14.Locked=true
BootLoader.IPs=RCC,DDR,SDMMC1,UART4,CRYP1,HASH1,USB_OTG_HS
PI6.Signal=SAI2_SD_A
PI3.Signal=I2S2_SDO
DDR_BA2.GPIOParameters=GPIO_Label
PA0.Mode=WakeUp1
PE2.Signal=ETH1_TXD3
NVIC.PendSV_IRQn=true\:1\:0\:true\:false\:true\:false\:false
Mdma.MDMA_Channel16.HASH1_IN.0.SrcAddress=0
PD3.Mode=CTS_RTS
RCC.DIVR2Freq_Value=533000000
ADC1.SamplingTime-0\#ChannelRegularConversion=ADC_SAMPLETIME_1CYCLE_5
Mdma.RequestSet0=MDMA_Channel16
RCC.MCO2PinFreq_Value=650000000
SAI2.ErrorAudioFreq-SAI_A_MasterWithClock=-50.0 %
PC8.GPIOParameters=GPIO_Label
DDR_RASN.Signal=DDR_RASN
DDR_DQ10.Signal=DDR_DQ10
PD11.Locked=true
PG13.GPIOParameters=GPIO_Label
DDR_CLKN.Mode=DDR3
PG5.GPIOParameters=GPIO_Label
PD5.GPIOParameters=GPIO_Speed,GPIO_Label
PA14.Locked=true
DDR_A13.GPIOParameters=GPIO_Label
VP_DTS_VS_DTS.Signal=DTS_VS_DTS
DDR_A5.Locked=true
DDR_BA2.GPIO_Label=DDR_BA2 [MT41K256M16TW_BA2]
DDR.MSTR=0x00041401
RCC.DFSDMFreq_Value=208877929.6875
PA5.GPIOParameters=GPIO_Label
PB14.GPIOParameters=GPIO_Label
VP_HSEM_VS_HSEM.Mode=HSEM_Activate
PD4.Mode=CTS_RTS
RCC.APB4Freq_Value=133250000
RCC.CECFreq_Value=32768
NVIC.BusFault_IRQn=true\:1\:0\:true\:false\:true\:false\:false
DDR_DQM1.Mode=DDR3
PI11.Signal=GPIO_Input
ProjectManager.CustomerFirmwarePackage=
DDR_ZQ.Signal=DDR_ZQ
PC4.GPIOParameters=GPIO_Label
DDR_ODT.Locked=true
DDR_DQ9.Signal=DDR_DQ9
PC4.Mode=RGMII (Reduced GMII)
BootROM.IPs=SDMMC1,UART4,RCC
Mdma.MDMA_Channel16.HASH1_IN.0.SourceDataSize=MDMA_SRC_DATASIZE_BYTE
RCC.DIVQ4=8
RCC.DIVQ3=17
RCC.DIVQ2=1
CortexA7NS.IPs=IWDG2\:I,DDR\:I,RCC\:I,RTC\:I,LTDC\:I,DSIHOST\:I,USBH_HS1\:I,HDMI_CEC\:I,ETH1\:I,SDMMC1\:I,USART2\:I,SDMMC2\:I,UART4\:I,BSEC,ETZPC,GIC,TAMP\:I,DMA\:I,PWR,I2S2\:I,SPI2\:I,GPU\:I,IPCC\:I,DTS\:I,TIM3\:I,VREFBUF\:I,USB_OTG_HS\:I,RNG1,SAI2\:I,SAI4\:I,HSEM\:I,ADC1\:I,ADC2\:I,CRYP1\:I,HASH1\:I,CRC1\:I,DMA1\:I,DMA2\:I,MDMA_A7NS\:I
DDR_A4.GPIO_Label=DDR_A4 [MT41K256M16TW_A4]
ADC1.Rank-0\#ChannelRegularConversion=1
DDR_BA2.Locked=true
DDR_DQ2.GPIO_Label=DDR_DQ2 [MT41K256M16TW_DQU4]
PA15.GPIOParameters=GPIO_Label
RCC.CKPERCLKSource=RCC_CKPERCLKSOURCE_HSE
RCC.USART35Freq_Value=104438964.84375
RCC.UART78Freq_Value=104438964.84375
ADC1.IPParameters=Rank-0\#ChannelRegularConversion,Channel-0\#ChannelRegularConversion,SamplingTime-0\#ChannelRegularConversion,OffsetNumber-0\#ChannelRegularConversion,NbrOfConversionFlag,master,CommonPathInternal
DDR_CSN.Signal=DDR_CSN
PG9.Locked=true
DDR_CSN.Locked=true
PG9.Signal=GPIO_Output
DDR_CLKN.Locked=true
DDR_CLKN.Signal=DDR_CLKN
RCC.DIVP4=6
ADC2.CommonPathInternal=ADC_INTERNAL_NONE
PC6.Signal=GPIO_Output
PB11.GPIO_Label=ETH_TX_EN [RTL8211F_TXCTL]
DDR_DQ6.GPIOParameters=GPIO_Label
DDR_RESETN.GPIO_Label=DDR_RESETN [MT41K256M16TW_RESET\#]
VP_DTS_VS_DTS.Mode=DTS_Activate
DDR_DQM0.Mode=DDR3
PC11.GPIOParameters=GPIO_Label
RCC.QSPIFreq_Value=266500000
PG13.GPIO_Label=ETH_TXD0 [RTL8211F_TXD0]
GIC.SDMMC2_IRQn=true\:false\:High level
RCC.USART6CLockSelection=RCC_USART6CLKSOURCE_PCLK2
DDR_DQS0N.Signal=DDR_DQS0N
DDR_A7.Signal=DDR_A7
DDR_DQ10.Mode=DDR3
DDR_A7.Locked=true
PC15-OSC32_OUT.Locked=true
Mdma.MDMA_Channel16.HASH1_IN.0.DestDataSize=MDMA_DEST_DATASIZE_BYTE
PB11.Mode=RGMII (Reduced GMII)
ADC2.IPParameters=Rank-0\#ChannelRegularConversion,Channel-0\#ChannelRegularConversion,SamplingTime-0\#ChannelRegularConversion,OffsetNumber-0\#ChannelRegularConversion,NbrOfConversionFlag,CommonPathInternal
RCC.APB5DIV=RCC_APB5_DIV4
PC6.Locked=true
RCC.DIVN4=99
PA9.Signal=I2S2_CK
I2S2.VirtualMode=I2S_MODE_MASTER
RCC.DIVN3=34
RCC.DIVN2=66
RCC.DIVN1=81
DDR_A6.GPIOParameters=GPIO_Label
SAI2.VirtualMode-SAI_B_SyncSlave=VM_SLAVE
Mdma.MDMA_Channel16.Request0=HASH1_IN
RCC.SDMMC12Freq_Value=99000000
DDR_DQS0N.Locked=true
DDR_DQ15.Locked=true
RCC.RNG1Freq_Value=32000
Mdma.MDMA_Channel16.HASH1_IN.0.Rank=First
DDR_DQ4.Locked=true
ProjectManager.LastFirmware=true
Mcu.Pin116=DDR_DQ15
Mcu.Pin117=PG14
PF2.GPIOParameters=GPIO_Label
Mcu.Pin118=PG13
Mcu.Pin119=PA1
PI6.Locked=true
DDR_A11.Signal=DDR_A11
PA1.Mode=RGMII (Reduced GMII)
DDR_DQS1P.GPIOParameters=GPIO_Label
VP_DMA_VS_DMA2_A7NS.Mode=CortexA7NS
PC2.GPIOParameters=GPIO_Label
Mcu.Pin112=PA10
Mcu.Pin113=PD12
Mcu.Pin114=DDR_ATO
PF11.Locked=true
Mcu.Pin115=DDR_A8
Mdma.MDMA_Channel16.HASH1_IN.0.BlockDataLength=0
Mcu.Pin110=PB6
RCC.APB3DIV=RCC_APB3_DIV2
Mcu.Pin111=PB2
PA9.Locked=true
RCC.FCLKFreq_Value=196000000
RCC.CKPERCLKFreq_VALUE=24000000
Mcu.Pin127=PA7
Mcu.Pin128=USB_DM2
Mcu.Pin129=USB_DM1
PG14.GPIO_Label=ETH_TXD1 [RTL8211F_TXD1]
ProjectManager.FreePins=false
VP_DMA_VS_DMA1_A7NS.Mode=CortexA7NS
VP_RNG1_VS_RNG.Mode=RNG_Activate
ProjectManager.UnderRoot=true
I2S2.FullDuplexMode=I2S_MODE_SLAVE_FD
DDR_WEN.GPIO_Label=DDR_WEN_P [MT41K256M16TW_WE\#]
PC12.GPIO_Speed_High_Default=GPIO_SPEED_FREQ_HIGH
Mcu.Pin123=PG4
Mcu.Pin124=PA0
PA4.Signal=ADCx_INP18
Mcu.Pin125=PB0
DDR_DQ9.Locked=true
Mcu.Pin126=PC5
Mcu.Pin120=PC1
Mcu.Pin121=PB1
Mcu.Pin122=PB11
RCC.USART1CLockSelection=RCC_USART1CLKSOURCE_PCLK5
DDR_A8.GPIO_Label=DDR_A8 [MT41K256M16TW_A8]
PD11.Signal=GPIO_Output
ProjectManager.CompilerOptimize=6
DDR_A2.Signal=DDR_A2
PG11.Mode=Asynchronous
Mdma.MDMA_Channel16.HASH1_IN.0.DstAddress=0
PH5.Locked=true
GIC.RCC_IRQn=true\:false\:High level
ProjectManager.ComputerToolchain=false
DDR_DQ9.GPIO_Label=DDR_DQ9 [MT41K256M16TW_DQL0]
RCC.LTDCFreq_Value=74250000
Mcu.Pin109=PG9
DDR_DQM1.Locked=true
SH.ADCx_INP19.0=ADC1_INP19,IN19-Single-Ended
PE2.Locked=true
Mcu.Pin105=PF15
Mcu.Pin106=PG5
DDR_DQ0.GPIOParameters=GPIO_Label
Mcu.Pin107=PG11
Mcu.Pin108=PF11
DDR_DQ15.Mode=DDR3
RCC.DIVR4=8
SH.ADCx_INP19.1=ADC2_INP19,IN19-Single-Ended
RCC.DIVR3=37
RCC.DIVR2=1
PB0.Signal=ETH1_RXD2
Mcu.ContextNb=5
PA7.GPIOParameters=GPIO_Label
DDR_BA0.GPIOParameters=GPIO_Label
PC1.Signal=ETH1_MDC
PD2.GPIO_Label=SDMMC1_CMD [PJS008-2003-1]
Mcu.Pin101=DDR_DQ14
DDR_ZQ.GPIOParameters=GPIO_Label
Mcu.Pin102=DDR_DQ12
RCC.DIVP4Freq_Value=99000000
Mcu.Pin103=PE2
Mcu.Pin104=PC2
Mcu.Pin100=DDR_DQ11
DDR_BA1.GPIO_Label=DDR_BA1 [MT41K256M16TW_BA1]
RCC.DIVQ2Freq_Value=533000000
RCC.I2C46CLockSelection=RCC_I2C46CLKSOURCE_HSI
DDR_DQS1N.GPIOParameters=GPIO_Label
RCC.SAI1Freq_Value=74250000
RCC.CortexFreq_Value=208877929.6875
PG6.Signal=SDMMC2_CMD
Mcu.UserName=STM32MP157CACx
ADC2.Channel-0\#ChannelRegularConversion=ADC_CHANNEL_18
DDR.addrmap_col_b9=31
PC10.Locked=true
PG6.Locked=true
PC10.Signal=SDMMC1_D2
DDR_DQM1.Signal=DDR_DQM1
DDR.addrmap_row_b2_10=6
ProjectManager.functionlistsort=1-MX_GPIO_Init-GPIO-false-HAL-true,2-SystemClock_Config-RCC-false-HAL-false,3-MX_ETZPC_Init-ETZPC-false-HAL-true,4-MX_IPCC_Init-IPCC-false-HAL-true,5-MX_OPENAMP_Init-OPENAMP-false-HAL-false,0-MX_PWR_Init-PWR-false-HAL-true
PZ4.GPIOParameters=GPIO_Label
PC9.Locked=true
DDR_DQ12.GPIO_Label=DDR_DQ12 [MT41K256M16TW_DQL5]
PB0.GPIO_Label=ETH_RXD2 [RTL8211F_RXD2_PLLOFF]
DDR_BA1.Signal=DDR_BA1
PH5.GPIO_Label=BT_HOST_WAKE [LBEE5KL1DX_BT_HOST_WAKE]
Mdma.MDMA_Channel16.HASH1_IN.0.SourceBlockAddressOffset=0
PC13.GPIO_Label=PMIC_WAKEUP [STPMU1A_WAKEUP]
PB11.Signal=ETH1_TX_CTL
VP_HASH1_VS_HASH.Mode=HASH_Activate
GIC.ETH1_IRQn=true\:false\:High level
RCC.USBPHYFreq_Value=24000000
ProjectManager.StackSize=0x400
PI11.GPIOParameters=GPIO_Label
RCC.VCOInput3Freq_Value=12000000
USB_DP1.GPIOParameters=GPIO_Label
DDR_DQ6.GPIO_Label=DDR_DQ6 [MT41K256M16TW_DQU0]
DDR_A8.Signal=DDR_A8
VP_IWDG2_VS_IWDG.Mode=IWDG_Activate
DDR_A0.Signal=DDR_A0
PB4.GPIOParameters=GPIO_Label
PH4.GPIOParameters=GPIO_Label
DDR_DQ8.GPIOParameters=GPIO_Label
Mcu.UserConstants=
PH7.Locked=true
PG4.Mode=RGMII (Reduced GMII)
PC1.GPIOParameters=GPIO_Label
Mcu.ThirdPartyNb=0
GIC.SDMMC1_IRQn=true\:false\:High level
PD11.GPIO_Label=LED_B [LD8_BLUE]
GIC.PMUIRQ0_IRQn=true\:false\:High level
Mcu.IPNb=36
GIC.RTC_WKUP_ALARM_IRQn=true\:false\:High level
RCC.SPDIFRXFreq_Value=99000000
DDR_DQS0N.Mode=DDR3
Mcu.Pin6=DSIHOST_CKN
Mcu.Pin7=DSIHOST_D1N
Mcu.Pin8=PH4
Mcu.Pin9=PD4
DDR_BA1.Locked=true
DDR_A0.GPIO_Label=DDR_A0 [MT41K256M16TW_A0]
DDR_CLKN.GPIO_Label=DDR_CLK_N [MT41K256M16TW_CK\#]
PH0-OSC_IN.Mode=HSE-DIG-External-Clock-Source
Mcu.Pin0=PH5
Mcu.Pin1=PD5
Mcu.Pin2=PA9
DSIHOST_D1N.Mode=DSIHost_Video
Mcu.Pin3=PG6
Mcu.Pin4=PB3
Mcu.Pin5=PF2
VP_DDR_DDR_16_bits.Signal=DDR_DDR_16_bits
USART2.VirtualMode-Asynchronous=VM_ASYNC
DDR_DQ3.Locked=true
PI8.Signal=RTC_LSCO
DDR_A11.Locked=true
DDR_DQ14.GPIO_Label=DDR_DQ14 [MT41K256M16TW_DQL7]
RCC.MCUClockFreq_Value=208877929.6875
PB4.Mode=SD_4_bits_Wide_bus
Mdma.MDMA_Channel16.HASH1_IN.0.TransferTriggerMode=MDMA_BUFFER_TRANSFER
RCC.Hclk5DIVFreq_Value=266500000
PI5.Locked=true
PI5.Signal=SAI2_SCK_A
DDR_A9.GPIO_Label=DDR_A9 [MT41K256M16TW_A9]
DDR_DQM0.GPIO_Label=DDR_DQM0 [MT41K256M16TW_DMU]
File.Version=6
PA10.GPIO_Label=HDMI_NRST [SiI9022ACNU_RESET\#]
USB_DM1.Signal=USBH_HS1_DM
PB3.GPIOParameters=GPIO_Label
GIC.CEC_IRQn=true\:false\:High level
Mdma.MDMA_Channel16.HASH1_IN.0.Priority=MDMA_PRIORITY_LOW
RCC.USART24Freq_Value=64000000
SAI2.VirtualMode-SAI_A_MasterWithClock=VM_MASTER
PG13.Mode=RGMII (Reduced GMII)
DDR_CKE.Mode=DDR3
GIC.ADC2_IRQn=true\:false\:High level
PE4.Signal=GPIO_Output
DDR_RESETN.Signal=DDR_RESETN
USB_DP1.Signal=USBH_HS1_DP
USB_DP2.Locked=true
RCC.ETHFreq_Value=99000000
ProjectManager.ProjectName=PFE-ScoutBOT
RCC.APB3Freq_Value=104438964.84375
DDR_A13.Mode=4Gb_16bits
PA7.Locked=true
RCC.DDRPERFMFreq_Value=533000000
DDR_CSN.GPIO_Label=DDR_CSN [MT41K256M16TW_CS\#]
DDR_DQS0P.Signal=DDR_DQS0P
VP_TAMP_VS_TAMP_Activate.Signal=TAMP_VS_TAMP_Activate
PA2.GPIO_Label=ETH_MIO [RTL8211F_MIO]
RCC.LSI_VALUE=32000
DDR_A0.Locked=true
RCC.DIVQ4Freq_Value=74250000
DDR_RASN.GPIO_Label=DDR_RASN [MT41K256M16TW_RAS\#]
DDR_A8.Locked=true
DDR_DQ5.Mode=DDR3
DDR_DQS1P.GPIO_Label=DDR_DQS1_P [MT41K256M16TW_DQSL]
DDR_DTO1.Locked=true
NVIC.IPCC_TX1_IRQn=true\:1\:0\:true\:false\:true\:true\:true
RCC.DDRCFreq_Value=533000000
PH7.Signal=GPIO_Output
VP_OPENAMP_VS_OPENAMP.Mode=OpenAmp_Activated
RCC.APB1DIV=RCC_APB1_DIV2
ProjectManager.DeviceTreeLocation=C\:\\Users\\Arnaud\\STM32CubeIDE\\workspace\\PFE-ScoutBOT\\CA7\\DeviceTree\\
PC4.Locked=true
GIC.IPCC_TX0_IRQn=true\:false\:High level
RCC.MCUDIVCLKFreq_Value=208877929.6875
ADC2.Rank-0\#ChannelRegularConversion=1
DDR_DQ12.Mode=DDR3
DDR_CLKN.GPIOParameters=GPIO_Label
VP_TAMP_VS_TAMP_Activate.Mode=TAMP_Enabled
RCC.MPUCLKFreq_VALUE=650000000
DDR_DQ9.GPIOParameters=GPIO_Label
PE3.Mode=SD_4_bits_Wide_bus
PC2.GPIO_Label=ETH_TXD2 [RTL8211F_TXD2]
RCC.Tim2OutputFreq_Value=208877929.6875
PZ5.Locked=true
PB3.Locked=true
DDR_DQ8.Locked=true
PB3.GPIO_Label=SDMMC2_D2 [LBEE5KL1DX_SDIO_D2]
PA2.Locked=true
PC15-OSC32_OUT.Mode=LSE-External-Oscillator
DDR_ATO.Locked=true
DDR_DQS0N.GPIO_Label=DDR_DQS0_N [MT41K256M16TW_DQSU\#]
DDR_ATO.Signal=DDR_ATO
PA7.Mode=RGMII (Reduced GMII)
I2S2.Instance=SPI$Index
Mdma.MDMA_Channel16.HASH1_IN.0.DestBurst=MDMA_DEST_BURST_SINGLE
PC10.GPIO_Label=SDMMC1_D2 [PJS008-2003-1]
ProjectManager.NoMain=false
DDR_DQ2.Mode=DDR3
PG1.Signal=GPIO_Input
RCC.PLL1FRACV=0x800
PG1.Locked=true
Mdma.MDMA_Channel16.RequestsNb=1
Mdma.MDMA_Channel16.HASH1_IN.0.Instance=MDMA_Channel16
Mdma.MDMA_Channel16.HASH1_IN.0.DestBlockAddressOffset=0
DDR_A2.Mode=DDR3
DDR_DQ8.GPIO_Label=DDR_DQ8 [MT41K256M16TW_DQL2]
PC4.Signal=ETH1_RXD0
DDR.addrmap_bank_b1=7
PD5.Signal=USART2_TX
VP_HSEM_VS_HSEM.Signal=HSEM_VS_HSEM
DDR.addrmap_bank_b2=7
DDR.addrmap_bank_b0=7
DDR_A10.Mode=DDR3
PZ5.Signal=I2C4_SDA
GIC.PMUIRQ1_IRQn=true\:false\:High level
DDR_RASN.Mode=DDR3
DDR_DQ13.Signal=DDR_DQ13
VP_DDR_DDR3_16_4Gb.Signal=DDR_DDR3_16_4Gb
DDR_DQ15.Signal=DDR_DQ15
RCC.USART24CLockSelection=RCC_UART24CLKSOURCE_HSI
DDR_DQ3.GPIO_Label=DDR_DQ3 [MT41K256M16TW_DQU3]
PD12.Locked=true
RCC.DSITXEscFreq_Value=13375000
RCC.SPI6Freq_Value=66625000
PC12.GPIOParameters=GPIO_Speed_High_Default,GPIO_Label
PC8.GPIO_Label=SDMMC1_D0 [PJS008-2003-1]
DDR_A3.Locked=true
DDR_VREF.Mode=DDR3
DDR_A9.Mode=DDR3
RCC.SPI45Freq_Value=104438964.84375
PH4.Signal=GPIO_Output
PD12.GPIOParameters=GPIO_Label
RCC.VCO4OutputFreq_Value=594000000
ProjectManager.TargetToolchain=STM32CubeIDE
DDR_DQS0P.GPIOParameters=GPIO_Label
PF15.Locked=true
PB2.GPIOParameters=GPIO_Label
DDR_DQS0N.GPIOParameters=GPIO_Label
PE4.Locked=true
PF2.Signal=GPIO_Input
PC2.Locked=true
ProjectManager.RegisterCallBack=
PC15-OSC32_OUT.Signal=RCC_OSC32_OUT
PD3.Locked=true
RCC.SDMMC12CLockSelection=RCC_SDMMC12CLKSOURCE_PLL4
PB1.Locked=true
RCC.I2C46Freq_Value=64000000
PG9.GPIO_Label=AUDIO_RST [CS42L51-CNZ_RESET]
PG14.Signal=ETH1_TXD1
PB0.Mode=RGMII (Reduced GMII)
DDR.addrmap_row_b13=6
DDR.addrmap_row_b12=6
PG1.GPIO_Label=HDMI_INT [SiI9022ACNU_INT]
DDR.addrmap_row_b11=6
DDR_DQ9.Mode=DDR3
DDR_DQ3.Signal=DDR_DQ3
PD11.GPIOParameters=GPIO_Label
RCC.VCOInput1Freq_Value=8000000
PI8.Locked=true
RCC.APB2Freq_Value=104438964.84375
DDR_A13.Signal=DDR_A13
PG4.GPIOParameters=GPIO_Label
PI3.Locked=true
DDR_A13.Locked=true
PD4.GPIO_Label=USART2_RTS [LBEE5KL1DX_BT_UART_RTS_N]
PC13.GPIOParameters=GPIO_Label
DDR.SCHED=0x00000C01
VP_ETZPC_VS_ETZPC.Mode=ETZPC_Activate
DDR.addrmap_row_b15=15
USB_DM1.Locked=true
DDR.addrmap_row_b14=6
PF15.Signal=I2C1_SDA
PA4.GPIOParameters=GPIO_Label
VP_DDR_DDR_16_bits.Mode=16bits
RCC.LPTIM23CLockSelection=RCC_LPTIM23CLKSOURCE_PCLK3
PB15.GPIOParameters=GPIO_Label
Mcu.Name=STM32MP157CACx
VP_IPCC_VS_IPCC.Mode=IPCC_Activate
DSIHOST_CKN.Mode=DSIHost_Video
PA13.GPIO_Label=PA13 [LD6_RED]
PA2.Signal=ETH1_MDIO
RCC.DFSDFAFreq_Value=74250000
DDR_ZQ.Locked=true
DDR_DQ1.Locked=true
DDR_DQ8.Signal=DDR_DQ8
PB3.Signal=SDMMC2_D2
DDR_DQ0.GPIO_Label=DDR_DQ0 [MT41K256M16TW_DQU5]
DDR_WEN.Signal=DDR_WEN
PA7.GPIO_Label=ETH_RX_DV [RTL8211F_RXCTL_PHYAD2]
DDR_A5.Signal=DDR_A5
PC5.GPIO_Label=ETH_RXD1 [RTL8211F_RXD1_TXDLY]
DDR_DQS0P.Locked=true
RCC.MCUCLKSource=RCC_MCUSSOURCE_PLL3
DDR_CLKP.GPIOParameters=GPIO_Label
PA14.Signal=GPIO_Input
DSIHOST_D0N.Signal=DSIHOST_D0N
VP_CRYP1_VS_CRYP.Signal=CRYP1_VS_CRYP
VP_LTDC_DSIMode.Mode=RGB888
ADC1.NbrOfConversionFlag=1
RCC.DSIPixelFreq_Value=74250000
RCC.DIVQ1Freq_Value=325000000
PE3.GPIO_Label=SDMMC2_CK [LBEE5KL1DX_SDIO_CK]
DDR_RESETN.Locked=true
USB_DP1.Mode=Enable
VP_GPU_VS_GPU.Signal=GPU_VS_GPU
PC9.Signal=SDMMC1_D1
DDR_DQM0.GPIOParameters=GPIO_Label
DDR_DTO1.Signal=DDR_DTO1
RCC.VCOInput2Freq_Value=8000000
RCC.APB1Freq_Value=104438964.84375
GIC.UART4_IRQn=true\:false\:High level
GIC.ETH1_WKUP_IRQn=true\:false\:High level
DDR_A6.GPIO_Label=DDR_A6 [MT41K256M16TW_A6]
PB11.Locked=true
ProjectManager.DeviceId=STM32MP157CACx
PE0.Mode=SAI_A_MasterWithClock
USB_DM1.GPIO_Label=USB_HUB_N [USB2514B_USB_UP_DM]
GIC.CRYP1_IRQn=true\:false\:High level
ProjectManager.LibraryCopy=1
PB1.GPIOParameters=GPIO_Label
DDR_DQ13.Locked=true
PA7.Signal=ETH1_RX_CTL
PF2.GPIO_Label=INT [FH26W-25S_INT]
isbadioc=true
